
Microsoft Visual Studio Solution File, Format Version 12.00
# Visual Studio 15
VisualStudioVersion = 15.0.26124.0
MinimumVisualStudioVersion = 15.0.26124.0
Project("{2150E333-8FDC-42A3-9474-1A3956D46DE8}") = "src", "src", "{9837E13D-70F7-438F-81FC-04585D4B4A25}"
EndProject
Project("{FAE04EC0-301F-11D3-BF4B-00C04F79EFBC}") = "AbpCore", "src\AbpCore\AbpCore.csproj", "{99B0775D-CD9A-4F85-9645-FE2BADEB3871}"
EndProject
Project("{2150E333-8FDC-42A3-9474-1A3956D46DE8}") = "test", "test", "{5022584F-F59D-4807-A912-CBD3C91FA965}"
EndProject
Project("{FAE04EC0-301F-11D3-BF4B-00C04F79EFBC}") = "AbpCore.Tests", "test\AbpCore.Tests\AbpCore.Tests.csproj", "{1D05BED4-1F49-4363-A8C6-84A5E524C81A}"
EndProject
Global
	GlobalSection(SolutionConfigurationPlatforms) = preSolution
		Debug|Any CPU = Debug|Any CPU
		Debug|x64 = Debug|x64
		Debug|x86 = Debug|x86
		Release|Any CPU = Release|Any CPU
		Release|x64 = Release|x64
		Release|x86 = Release|x86
	EndGlobalSection
	GlobalSection(SolutionProperties) = preSolution
		HideSolutionNode = FALSE
	EndGlobalSection
	GlobalSection(ProjectConfigurationPlatforms) = postSolution
		{99B0775D-CD9A-4F85-9645-FE2BADEB3871}.Debug|Any CPU.ActiveCfg = Debug|Any CPU
		{99B0775D-CD9A-4F85-9645-FE2BADEB3871}.Debug|Any CPU.Build.0 = Debug|Any CPU
		{99B0775D-CD9A-4F85-9645-FE2BADEB3871}.Debug|x64.ActiveCfg = Debug|Any CPU
		{99B0775D-CD9A-4F85-9645-FE2BADEB3871}.Debug|x64.Build.0 = Debug|Any CPU
		{99B0775D-CD9A-4F85-9645-FE2BADEB3871}.Debug|x86.ActiveCfg = Debug|Any CPU
		{99B0775D-CD9A-4F85-9645-FE2BADEB3871}.Debug|x86.Build.0 = Debug|Any CPU
		{99B0775D-CD9A-4F85-9645-FE2BADEB3871}.Release|Any CPU.ActiveCfg = Release|Any CPU
		{99B0775D-CD9A-4F85-9645-FE2BADEB3871}.Release|Any CPU.Build.0 = Release|Any CPU
		{99B0775D-CD9A-4F85-9645-FE2BADEB3871}.Release|x64.ActiveCfg = Release|Any CPU
		{99B0775D-CD9A-4F85-9645-FE2BADEB3871}.Release|x64.Build.0 = Release|Any CPU
		{99B0775D-CD9A-4F85-9645-FE2BADEB3871}.Release|x86.ActiveCfg = Release|Any CPU
		{99B0775D-CD9A-4F85-9645-FE2BADEB3871}.Release|x86.Build.0 = Release|Any CPU
		{1D05BED4-1F49-4363-A8C6-84A5E524C81A}.Debug|Any CPU.ActiveCfg = Debug|Any CPU
		{1D05BED4-1F49-4363-A8C6-84A5E524C81A}.Debug|Any CPU.Build.0 = Debug|Any CPU
		{1D05BED4-1F49-4363-A8C6-84A5E524C81A}.Debug|x64.ActiveCfg = Debug|Any CPU
		{1D05BED4-1F49-4363-A8C6-84A5E524C81A}.Debug|x64.Build.0 = Debug|Any CPU
		{1D05BED4-1F49-4363-A8C6-84A5E524C81A}.Debug|x86.ActiveCfg = Debug|Any CPU
		{1D05BED4-1F49-4363-A8C6-84A5E524C81A}.Debug|x86.Build.0 = Debug|Any CPU
		{1D05BED4-1F49-4363-A8C6-84A5E524C81A}.Release|Any CPU.ActiveCfg = Release|Any CPU
		{1D05BED4-1F49-4363-A8C6-84A5E524C81A}.Release|Any CPU.Build.0 = Release|Any CPU
		{1D05BED4-1F49-4363-A8C6-84A5E524C81A}.Release|x64.ActiveCfg = Release|Any CPU
		{1D05BED4-1F49-4363-A8C6-84A5E524C81A}.Release|x64.Build.0 = Release|Any CPU
		{1D05BED4-1F49-4363-A8C6-84A5E524C81A}.Release|x86.ActiveCfg = Release|Any CPU
		{1D05BED4-1F49-4363-A8C6-84A5E524C81A}.Release|x86.Build.0 = Release|Any CPU
	EndGlobalSection
	GlobalSection(NestedProjects) = preSolution
		{99B0775D-CD9A-4F85-9645-FE2BADEB3871} = {9837E13D-70F7-438F-81FC-04585D4B4A25}
		{1D05BED4-1F49-4363-A8C6-84A5E524C81A} = {5022584F-F59D-4807-A912-CBD3C91FA965}
	EndGlobalSection
EndGlobal
